{
  "name": "autoskill-md",
  "version": "0.1.0",
  "lockfileVersion": 3,
  "requires": true,
  "packages": {
    "": {
      "name": "autoskill-md",
      "version": "0.1.0",
      "license": "CC-BY-4.0",
      "bin": {
        "autoskill-md": "bin/autoskill-md.js"
      },
      "engines": {
        "node": ">=20"
      }
    }
  }
}
